# THIS IS AN AUTOGENERATED FILE. DO NOT EDIT THIS FILE DIRECTLY.
# yarn lockfile v1


allkey@^0.2.0:
  version "0.2.0"
  resolved "https://registry.yarnpkg.com/allkey/-/allkey-0.2.0.tgz#ae3048894ed457b74591a0f51c234d2797363faa"
  dependencies:
    babel-runtime "^6.23.0"
    doubt "^0.26.0"
    kein "^0.25.0"
    portel "^0.3.0"
    raze "^0.29.0"

annon@^0.6.0:
  version "0.6.0"
  resolved "https://registry.yarnpkg.com/annon/-/annon-0.6.0.tgz#711d7462e8d8fb0678a7ce34e9a4a5ef94be71cf"
  dependencies:
    babel-runtime "^6.23.0"
    falzy "^0.19.0"
    fnamed "^0.8.0"
    protype "^0.21.0"

anykey@^0.2.0:
  version "0.2.0"
  resolved "https://registry.yarnpkg.com/anykey/-/anykey-0.2.0.tgz#14054adbdf56a8de495992826038edf8ba475cfc"
  dependencies:
    babel-runtime "^6.23.0"
    doubt "^0.26.0"
    kein "^0.25.0"
    portel "^0.3.0"
    raze "^0.29.0"

arid@^0.25.0:
  version "0.25.0"
  resolved "https://registry.yarnpkg.com/arid/-/arid-0.25.0.tgz#07e45857c84271509ec6475999445be03c5ad965"
  dependencies:
    arkount "^0.7.0"
    babel-runtime "^6.23.0"
    doubt "^0.26.0"

arkount@^0.7.0:
  version "0.7.0"
  resolved "https://registry.yarnpkg.com/arkount/-/arkount-0.7.0.tgz#781b3053521c58ffc7346b84ff89926e8d77b5b6"
  dependencies:
    babel-runtime "^6.23.0"
    doubt "^0.26.0"
    raze "^0.29.0"
    truly "^0.18.0"
    wichevr "^0.9.0"

asea@^0.13.0:
  version "0.13.0"
  resolved "https://registry.yarnpkg.com/asea/-/asea-0.13.0.tgz#80ae9421fe5614432c2324a7850ea13184242277"
  dependencies:
    babel-runtime "^6.23.0"
    harden "^0.21.0"

asyum@^0.5.0:
  version "0.5.0"
  resolved "https://registry.yarnpkg.com/asyum/-/asyum-0.5.0.tgz#1b40fab4ad01bb6793ca91b8cb1b13a22cd4442f"
  dependencies:
    annon "^0.6.0"
    babel-runtime "^6.23.0"
    doubt "^0.26.0"
    fname "^0.8.0"
    protype "^0.21.0"
    wichevr "^0.9.0"

babel-runtime@^6.23.0:
  version "6.23.0"
  resolved "https://registry.yarnpkg.com/babel-runtime/-/babel-runtime-6.23.0.tgz#0a9489f144de70efb3ce4300accdb329e2fc543b"
  dependencies:
    core-js "^2.4.0"
    regenerator-runtime "^0.10.0"

budge@^0.28.0:
  version "0.28.0"
  resolved "https://registry.yarnpkg.com/budge/-/budge-0.28.0.tgz#aa6e7f6c1353f4c9e59140f833e151bbab6a40b8"
  dependencies:
    babel-runtime "^6.23.0"
    depher "^0.32.0"
    doubt "^0.26.0"
    raze "^0.29.0"

burne@^0.1.0:
  version "0.1.0"
  resolved "https://registry.yarnpkg.com/burne/-/burne-0.1.0.tgz#c78bcdbb201975cbcb8b032292fe7243545131f0"
  dependencies:
    babel-runtime "^6.23.0"
    falzy "^0.19.0"
    impel "^0.14.0"
    protype "^0.21.0"
    wichevr "^0.9.0"
    zelf "^0.11.0"

cagd@^0.1.0:
  version "0.1.0"
  resolved "https://registry.yarnpkg.com/cagd/-/cagd-0.1.0.tgz#8bcf46f82944b4062466584e898111a311eceb7d"
  dependencies:
    babel-runtime "^6.23.0"
    falzy "^0.19.0"
    protype "^0.21.0"
    wichevr "^0.9.0"
    zelf "^0.11.0"

calcify@^0.7.0:
  version "0.7.0"
  resolved "https://registry.yarnpkg.com/calcify/-/calcify-0.7.0.tgz#61f2db15410c8d230e3f31d30cbd7248f0ca3a34"
  dependencies:
    babel-runtime "^6.23.0"
    circular-json "^0.3.1"
    parseon "^0.6.0"

called@^0.27.0:
  version "0.27.0"
  resolved "https://registry.yarnpkg.com/called/-/called-0.27.0.tgz#39478cb7e69646df7cdf0ef35551fc019d12a46e"
  dependencies:
    babel-runtime "^6.23.0"
    burne "^0.1.0"
    falzy "^0.19.0"
    harden "^0.21.0"
    kloak "^0.24.0"
    mrkd "^0.4.0"
    protype "^0.21.0"
    raze "^0.29.0"
    zelf "^0.11.0"

cemento@^0.15.0:
  version "0.15.0"
  resolved "https://registry.yarnpkg.com/cemento/-/cemento-0.15.0.tgz#77fe5818c3c67975d47f974df052bea9739ff5a5"
  dependencies:
    babel-runtime "^6.23.0"
    harden "^0.21.0"
    kount "^0.10.0"

circular-json@^0.3.1:
  version "0.3.1"
  resolved "https://registry.yarnpkg.com/circular-json/-/circular-json-0.3.1.tgz#be8b36aefccde8b3ca7aa2d6afc07a37242c0d2d"

clazof@^0.27.0:
  version "0.27.0"
  resolved "https://registry.yarnpkg.com/clazof/-/clazof-0.27.0.tgz#30c45e3cd06455f567e0a8a5285f41df0abf7a3f"
  dependencies:
    babel-runtime "^6.23.0"
    falzy "^0.19.0"
    fname "^0.8.0"
    portel "^0.3.0"
    protype "^0.21.0"
    raze "^0.29.0"
    stringe "^0.3.0"
    wauker "^0.14.0"

cnfgrble@^0.4.0:
  version "0.4.0"
  resolved "https://registry.yarnpkg.com/cnfgrble/-/cnfgrble-0.4.0.tgz#83c2a7d0a47af62eced673e0476d15fcc6f8f4fb"
  dependencies:
    asyum "^0.5.0"
    babel-runtime "^6.23.0"
    dscrb "^0.4.0"
    zelf "^0.11.0"

coprop@^0.4.0:
  version "0.4.0"
  resolved "https://registry.yarnpkg.com/coprop/-/coprop-0.4.0.tgz#1d7f2e3a1dd92b937672a57412cf9871aa8d4749"
  dependencies:
    asyum "^0.5.0"
    babel-runtime "^6.23.0"
    cnfgrble "^0.4.0"
    defyn "^0.4.0"
    dscrb "^0.4.0"
    falzy "^0.19.0"
    kein "^0.25.0"
    protype "^0.21.0"
    wrtble "^0.4.0"

core-js@^2.4.0:
  version "2.4.1"
  resolved "https://registry.yarnpkg.com/core-js/-/core-js-2.4.1.tgz#4de911e667b0eae9124e34254b53aea6fc618d3e"

decrease@^0.23.0:
  version "0.23.0"
  resolved "https://registry.yarnpkg.com/decrease/-/decrease-0.23.0.tgz#404ec2146a18fa2fcad603eb765efea743b3d791"
  dependencies:
    babel-runtime "^6.23.0"
    doubt "^0.26.0"
    falzy "^0.19.0"
    protype "^0.21.0"
    raze "^0.29.0"
    truly "^0.18.0"

defyn@^0.4.0:
  version "0.4.0"
  resolved "https://registry.yarnpkg.com/defyn/-/defyn-0.4.0.tgz#8c134d617dac22ae9f7a612c95b0c5cd4a0c1430"
  dependencies:
    allkey "^0.2.0"
    anykey "^0.2.0"
    asyum "^0.5.0"
    babel-runtime "^6.23.0"
    dscrb "^0.4.0"
    falzy "^0.19.0"
    harden "^0.21.0"
    kein "^0.25.0"
    protype "^0.21.0"
    truly "^0.18.0"
    wichevr "^0.9.0"
    zelf "^0.11.0"

dephall@^0.30.0:
  version "0.30.0"
  resolved "https://registry.yarnpkg.com/dephall/-/dephall-0.30.0.tgz#2823fe3d31eb6f78bea4018189096210ef8cb115"
  dependencies:
    arid "^0.25.0"
    babel-runtime "^6.23.0"
    doubt "^0.26.0"
    falze "^0.22.0"
    leveld "^0.4.0"
    pyck "^0.28.0"
    raze "^0.29.0"
    truly "^0.18.0"
    zelf "^0.11.0"

depher@^0.32.0:
  version "0.32.0"
  resolved "https://registry.yarnpkg.com/depher/-/depher-0.32.0.tgz#a733aedfe565c6483ddfe4ab6a5da27573442adf"
  dependencies:
    babel-runtime "^6.23.0"
    dephall "^0.30.0"
    doubt "^0.26.0"
    falze "^0.22.0"
    raze "^0.29.0"
    zelf "^0.11.0"

doubt@^0.26.0:
  version "0.26.0"
  resolved "https://registry.yarnpkg.com/doubt/-/doubt-0.26.0.tgz#467a4c4470f39a66258675d62c796769a5f2be48"
  dependencies:
    babel-runtime "^6.23.0"
    cemento "^0.15.0"
    circular-json "^0.3.1"
    falzy "^0.19.0"
    harden "^0.21.0"
    khount "^0.0.0"
    protype "^0.21.0"
    stringe "^0.3.0"
    truly "^0.18.0"

dscrb@^0.4.0:
  version "0.4.0"
  resolved "https://registry.yarnpkg.com/dscrb/-/dscrb-0.4.0.tgz#1907dd3bd75b746466ddc09d1c79dea4413c05eb"
  dependencies:
    allkey "^0.2.0"
    anykey "^0.2.0"
    babel-runtime "^6.23.0"
    falzy "^0.19.0"
    harden "^0.21.0"
    kein "^0.25.0"
    protype "^0.21.0"
    wichevr "^0.9.0"
    zelf "^0.11.0"

een@^0.18.0:
  version "0.18.0"
  resolved "https://registry.yarnpkg.com/een/-/een-0.18.0.tgz#a70ecdb5deff1f2edaeeacecd48001188a89639b"
  dependencies:
    babel-runtime "^6.23.0"
    doubt "^0.26.0"
    eqe "^0.2.0"
    protype "^0.21.0"
    raze "^0.29.0"
    truly "^0.18.0"

empt@^0.22.0:
  version "0.22.0"
  resolved "https://registry.yarnpkg.com/empt/-/empt-0.22.0.tgz#76ef79eae7440fd8bfbd815813127006808f0374"
  dependencies:
    babel-runtime "^6.23.0"
    doubt "^0.26.0"
    kount "^0.10.0"
    protype "^0.21.0"

eqe@^0.2.0:
  version "0.2.0"
  resolved "https://registry.yarnpkg.com/eqe/-/eqe-0.2.0.tgz#5727b518c9aebd66de1c1b1263f770424ef97a12"
  dependencies:
    babel-runtime "^6.23.0"
    nafe "^0.2.0"
    protype "^0.21.0"
    stringe "^0.3.0"

execd@^0.1.0:
  version "0.1.0"
  resolved "https://registry.yarnpkg.com/execd/-/execd-0.1.0.tgz#9ceebe060cdb779397a1ed94fe4a8aa9e2de5806"
  dependencies:
    babel-runtime "^6.23.0"
    falzy "^0.19.0"
    mrkd "^0.4.0"
    protype "^0.21.0"

falze@^0.22.0:
  version "0.22.0"
  resolved "https://registry.yarnpkg.com/falze/-/falze-0.22.0.tgz#5de6fd771271eea39a52147e7a3488301f615cdf"
  dependencies:
    arid "^0.25.0"
    babel-runtime "^6.23.0"
    doubt "^0.26.0"
    empt "^0.22.0"
    falzy "^0.19.0"
    protype "^0.21.0"

falzy@^0.19.0:
  version "0.19.0"
  resolved "https://registry.yarnpkg.com/falzy/-/falzy-0.19.0.tgz#772829b05585450ca5b1a9436de0ff40cf5819cb"
  dependencies:
    babel-runtime "^6.23.0"

filled@^0.21.0:
  version "0.21.0"
  resolved "https://registry.yarnpkg.com/filled/-/filled-0.21.0.tgz#e6498c2947ae22ffaa453d74b084113c16e73fb4"
  dependencies:
    arkount "^0.7.0"
    babel-runtime "^6.23.0"
    doubt "^0.26.0"

fname@^0.8.0:
  version "0.8.0"
  resolved "https://registry.yarnpkg.com/fname/-/fname-0.8.0.tgz#48832f5b45d50e3966df7332c8b4b325a62caf7d"
  dependencies:
    babel-runtime "^6.23.0"
    falzy "^0.19.0"
    mtch "^0.1.0"
    nmde "^0.0.0"
    protype "^0.21.0"

fnamed@^0.8.0:
  version "0.8.0"
  resolved "https://registry.yarnpkg.com/fnamed/-/fnamed-0.8.0.tgz#c4efeecee9f5fddc6b32e184bd1b8d29b5050277"
  dependencies:
    babel-runtime "^6.23.0"
    falzy "^0.19.0"
    fname "^0.8.0"
    protype "^0.21.0"
    truly "^0.18.0"

harden@^0.21.0:
  version "0.21.0"
  resolved "https://registry.yarnpkg.com/harden/-/harden-0.21.0.tgz#c3ca5e255e440fc5e6e996acb21515bb892bff49"
  dependencies:
    babel-runtime "^6.23.0"

impel@^0.14.0:
  version "0.14.0"
  resolved "https://registry.yarnpkg.com/impel/-/impel-0.14.0.tgz#0f4bf0f03a66d03a6682f1960bfd9572dd0a1188"
  dependencies:
    babel-runtime "^6.23.0"
    falzy "^0.19.0"
    protype "^0.21.0"
    wichevr "^0.9.0"
    zelf "^0.11.0"

kein@^0.25.0:
  version "0.25.0"
  resolved "https://registry.yarnpkg.com/kein/-/kein-0.25.0.tgz#f756e6a3278394e9d1827005c610dda3b4baacda"
  dependencies:
    babel-runtime "^6.23.0"
    falzy "^0.19.0"
    fnamed "^0.8.0"
    portel "^0.3.0"
    protype "^0.21.0"
    zelf "^0.11.0"

kept@^0.21.0:
  version "0.21.0"
  resolved "https://registry.yarnpkg.com/kept/-/kept-0.21.0.tgz#17d093a37548fa1a4971db41763620d10cf9c054"
  dependencies:
    depher "^0.32.0"
    falzy "^0.19.0"
    harden "^0.21.0"
    letgo "^0.34.0"
    protype "^0.21.0"
    raze "^0.29.0"
    zelf "^0.11.0"

khount@^0.0.0:
  version "0.0.0"
  resolved "https://registry.yarnpkg.com/khount/-/khount-0.0.0.tgz#7c7f369ae5d0ef5499dca14eeb168bb4b4b29e6d"
  dependencies:
    babel-runtime "^6.23.0"

kloak@^0.24.0:
  version "0.24.0"
  resolved "https://registry.yarnpkg.com/kloak/-/kloak-0.24.0.tgz#3f7a4ec40b72f4cd69e4d949881c687c88ee6e5e"
  dependencies:
    babel-runtime "^6.23.0"
    budge "^0.28.0"
    burne "^0.1.0"
    cagd "^0.1.0"
    depher "^0.32.0"
    falzy "^0.19.0"
    fname "^0.8.0"
    impel "^0.14.0"
    mrkd "^0.4.0"
    protype "^0.21.0"
    transpher "^0.26.0"
    transym "^0.1.0"
    truopt "^0.0.0"
    wichevr "^0.9.0"

kount@^0.10.0:
  version "0.10.0"
  resolved "https://registry.yarnpkg.com/kount/-/kount-0.10.0.tgz#92f6dc18a5c8e8844e29a93aec268b58ad92f53b"
  dependencies:
    babel-runtime "^6.23.0"

krumb@^0.2.0:
  version "0.2.0"
  resolved "https://registry.yarnpkg.com/krumb/-/krumb-0.2.0.tgz#d562ebdcfc295aaf770151d11699bd82a8ae99d0"
  dependencies:
    babel-runtime "^6.23.0"

letgo@^0.34.0:
  version "0.34.0"
  resolved "https://registry.yarnpkg.com/letgo/-/letgo-0.34.0.tgz#f5b1385cac35337df6bb1da41d5c286bf085cbbc"
  dependencies:
    arid "^0.25.0"
    babel-runtime "^6.23.0"
    budge "^0.28.0"
    called "^0.27.0"
    depher "^0.32.0"
    execd "^0.1.0"
    filled "^0.21.0"
    harden "^0.21.0"
    protype "^0.21.0"
    truly "^0.18.0"
    zelf "^0.11.0"

leveld@^0.4.0:
  version "0.4.0"
  resolved "https://registry.yarnpkg.com/leveld/-/leveld-0.4.0.tgz#db734eb7bf847ef3ba3b9f8959669c254f18b8da"
  dependencies:
    arid "^0.25.0"
    babel-runtime "^6.23.0"
    decrease "^0.23.0"
    doubt "^0.26.0"
    falzy "^0.19.0"
    protype "^0.21.0"
    raze "^0.29.0"

lire@^0.14.0:
  version "0.14.0"
  resolved "https://registry.yarnpkg.com/lire/-/lire-0.14.0.tgz#d20721c8a2678a0e0636a587cd6f88e8f95cda11"
  dependencies:
    falzy "^0.19.0"
    kept "^0.21.0"
    letgo "^0.34.0"
    protype "^0.21.0"
    zelf "^0.11.0"

mrkd@^0.4.0:
  version "0.4.0"
  resolved "https://registry.yarnpkg.com/mrkd/-/mrkd-0.4.0.tgz#3018911dafa59298019479c5f9b3938a802645fb"
  dependencies:
    babel-runtime "^6.23.0"
    depher "^0.32.0"
    falzy "^0.19.0"
    kein "^0.25.0"
    mtch "^0.1.0"
    protype "^0.21.0"
    raze "^0.29.0"
    zelf "^0.11.0"

mtch@^0.1.0:
  version "0.1.0"
  resolved "https://registry.yarnpkg.com/mtch/-/mtch-0.1.0.tgz#eed1a27b0f54228e580adb7b545e78600f1d36d2"
  dependencies:
    babel-runtime "^6.23.0"
    falzy "^0.19.0"
    protype "^0.21.0"
    raze "^0.29.0"
    stringe "^0.3.0"
    truly "^0.18.0"
    wichevr "^0.9.0"

nafe@^0.2.0:
  version "0.2.0"
  resolved "https://registry.yarnpkg.com/nafe/-/nafe-0.2.0.tgz#955067db4f11fde03ca0018540e60cbbab93ffdc"
  dependencies:
    babel-runtime "^6.23.0"
    falzy "^0.19.0"
    protype "^0.21.0"
    stringe "^0.3.0"

nmde@^0.0.0:
  version "0.0.0"
  resolved "https://registry.yarnpkg.com/nmde/-/nmde-0.0.0.tgz#173eb8d5b5dad6b7c403fcfd92f04616509c3326"
  dependencies:
    babel-runtime "^6.23.0"
    falzy "^0.19.0"
    protype "^0.21.0"
    truly "^0.18.0"

parseon@^0.6.0:
  version "0.6.0"
  resolved "https://registry.yarnpkg.com/parseon/-/parseon-0.6.0.tgz#3ce2c22e7bdb87b8ca71a90974d4c2c4839039c2"
  dependencies:
    babel-runtime "^6.23.0"
    circular-json "^0.3.1"
    krumb "^0.2.0"
    protype "^0.21.0"

portel@^0.3.0:
  version "0.3.0"
  resolved "https://registry.yarnpkg.com/portel/-/portel-0.3.0.tgz#532b5817ce5c1697fc65e34ca7eadb28c8e6152c"
  dependencies:
    babel-runtime "^6.23.0"
    protype "^0.21.0"

protease@^0.22.0:
  version "0.22.0"
  resolved "https://registry.yarnpkg.com/protease/-/protease-0.22.0.tgz#a01a828d24c7371e4ba89fe0ed383d4fbfbbf0b1"
  dependencies:
    babel-runtime "^6.23.0"
    falzy "^0.19.0"
    fname "^0.8.0"
    impel "^0.14.0"
    kein "^0.25.0"
    protype "^0.21.0"

protype@^0.21.0:
  version "0.21.0"
  resolved "https://registry.yarnpkg.com/protype/-/protype-0.21.0.tgz#958452abbaa6daaa8e79386179b220477e2dca7c"
  dependencies:
    babel-runtime "^6.23.0"
    cemento "^0.15.0"
    harden "^0.21.0"

pyck@^0.28.0:
  version "0.28.0"
  resolved "https://registry.yarnpkg.com/pyck/-/pyck-0.28.0.tgz#09993e612c69a0d30c6c00d07411e23601cb8c00"
  dependencies:
    babel-runtime "^6.23.0"
    clazof "^0.27.0"
    doubt "^0.26.0"
    falzy "^0.19.0"
    protype "^0.21.0"
    raze "^0.29.0"
    truly "^0.18.0"
    zelf "^0.11.0"

raze@^0.29.0:
  version "0.29.0"
  resolved "https://registry.yarnpkg.com/raze/-/raze-0.29.0.tgz#5a4fa7370aa77a1d40aa975d9a0cbbc88b9c042e"
  dependencies:
    babel-runtime "^6.23.0"
    doubt "^0.26.0"

regenerator-runtime@^0.10.0:
  version "0.10.5"
  resolved "https://registry.yarnpkg.com/regenerator-runtime/-/regenerator-runtime-0.10.5.tgz#336c3efc1220adcedda2c9fab67b5a7955a33658"

stringe@^0.3.0:
  version "0.3.0"
  resolved "https://registry.yarnpkg.com/stringe/-/stringe-0.3.0.tgz#9246b545ac96d459643af40dacfdbb49ec172378"
  dependencies:
    babel-runtime "^6.23.0"

transpher@^0.26.0:
  version "0.26.0"
  resolved "https://registry.yarnpkg.com/transpher/-/transpher-0.26.0.tgz#f8eae718b6f5f53693306ed52a4dc63a55b8777e"
  dependencies:
    babel-runtime "^6.23.0"
    coprop "^0.4.0"
    falzy "^0.19.0"
    kein "^0.25.0"
    wichevr "^0.9.0"

transym@^0.1.0:
  version "0.1.0"
  resolved "https://registry.yarnpkg.com/transym/-/transym-0.1.0.tgz#ad7337e4f24fad26871d52f898c456ff2e008d97"
  dependencies:
    babel-runtime "^6.23.0"
    coprop "^0.4.0"
    falzy "^0.19.0"
    kein "^0.25.0"
    wichevr "^0.9.0"

truly@^0.18.0:
  version "0.18.0"
  resolved "https://registry.yarnpkg.com/truly/-/truly-0.18.0.tgz#333c3f312083e31bbc601ccb95919ddafb14f4e3"
  dependencies:
    babel-runtime "^6.23.0"

truopt@^0.0.0:
  version "0.0.0"
  resolved "https://registry.yarnpkg.com/truopt/-/truopt-0.0.0.tgz#26571ea8cef61e548dfa6d10458622d4b5a8acbf"
  dependencies:
    babel-runtime "^6.23.0"
    doubt "^0.26.0"
    falze "^0.22.0"
    protype "^0.21.0"
    truly "^0.18.0"

wauker@^0.14.0:
  version "0.14.0"
  resolved "https://registry.yarnpkg.com/wauker/-/wauker-0.14.0.tgz#8769caec8c6e43a0eacafae0d62cff5c48baa03e"
  dependencies:
    babel-runtime "^6.23.0"
    een "^0.18.0"
    falzy "^0.19.0"
    protease "^0.22.0"
    protype "^0.21.0"

wichevr@^0.9.0:
  version "0.9.0"
  resolved "https://registry.yarnpkg.com/wichevr/-/wichevr-0.9.0.tgz#7aec8adf7b7becba997774a13cc10f88df89566f"
  dependencies:
    babel-runtime "^6.23.0"
    raze "^0.29.0"
    truly "^0.18.0"

wrtble@^0.4.0:
  version "0.4.0"
  resolved "https://registry.yarnpkg.com/wrtble/-/wrtble-0.4.0.tgz#84cc3fefd51e9d336f895887ef5c174455eaed58"
  dependencies:
    asyum "^0.5.0"
    babel-runtime "^6.23.0"
    dscrb "^0.4.0"
    zelf "^0.11.0"

zelf@^0.11.0:
  version "0.11.0"
  resolved "https://registry.yarnpkg.com/zelf/-/zelf-0.11.0.tgz#ff6967b0206f8de00354dd439eb98cc4c5a4415d"
  dependencies:
    asea "^0.13.0"
    babel-runtime "^6.23.0"
