# THIS IS AN AUTOGENERATED FILE. DO NOT EDIT THIS FILE DIRECTLY.
# yarn lockfile v1


arid@^0.23.0:
  version "0.23.0"
  resolved "https://registry.yarnpkg.com/arid/-/arid-0.23.0.tgz#dfb7813cabda206cc83ce663447daf3fe64f8f0c"
  dependencies:
    arkount "^0.5.0"
    babel-runtime "^6.23.0"
    doubt "^0.24.0"

arkount@^0.5.0:
  version "0.5.0"
  resolved "https://registry.yarnpkg.com/arkount/-/arkount-0.5.0.tgz#6dd1b49295d60d5b651f1605a7c1589978a92167"
  dependencies:
    babel-runtime "^6.23.0"
    doubt "^0.24.0"
    raze "^0.25.0"
    truly "^0.17.0"
    wichevr "^0.7.0"

asea@^0.13.0:
  version "0.13.0"
  resolved "https://registry.yarnpkg.com/asea/-/asea-0.13.0.tgz#80ae9421fe5614432c2324a7850ea13184242277"
  dependencies:
    babel-runtime "^6.23.0"
    harden "^0.21.0"

ate@^0.15.0:
  version "0.15.0"
  resolved "https://registry.yarnpkg.com/ate/-/ate-0.15.0.tgz#8e2f2846542b6f10995f95838f01fa02be01433a"
  dependencies:
    babel-runtime "^6.23.0"
    falzy "^0.17.0"
    protype "^0.21.0"
    zelf "^0.11.0"

babel-runtime@^6.23.0:
  version "6.23.0"
  resolved "https://registry.yarnpkg.com/babel-runtime/-/babel-runtime-6.23.0.tgz#0a9489f144de70efb3ce4300accdb329e2fc543b"
  dependencies:
    core-js "^2.4.0"
    regenerator-runtime "^0.10.0"

budge@^0.19.0:
  version "0.19.0"
  resolved "https://registry.yarnpkg.com/budge/-/budge-0.19.0.tgz#dfe18a33d16fd65d404368a3a4b6c3eb1df269ab"
  dependencies:
    arkount "^0.5.0"
    babel-runtime "^6.23.0"
    depher "^0.23.0"
    doubt "^0.24.0"
    raze "^0.25.0"

calcify@^0.7.0:
  version "0.7.0"
  resolved "https://registry.yarnpkg.com/calcify/-/calcify-0.7.0.tgz#61f2db15410c8d230e3f31d30cbd7248f0ca3a34"
  dependencies:
    babel-runtime "^6.23.0"
    circular-json "^0.3.1"
    parseon "^0.6.0"

called@^0.18.0:
  version "0.18.0"
  resolved "https://registry.yarnpkg.com/called/-/called-0.18.0.tgz#e89936c9adf26eca787f2a4323d92ae3bcd40a4e"
  dependencies:
    babel-runtime "^6.23.0"
    dephall "^0.21.0"
    harden "^0.21.0"
    kloak "^0.12.0"
    raze "^0.25.0"
    wichevr "^0.7.0"
    zelf "^0.11.0"

cemento@^0.15.0:
  version "0.15.0"
  resolved "https://registry.yarnpkg.com/cemento/-/cemento-0.15.0.tgz#77fe5818c3c67975d47f974df052bea9739ff5a5"
  dependencies:
    babel-runtime "^6.23.0"
    harden "^0.21.0"
    kount "^0.10.0"

circular-json@^0.3.1:
  version "0.3.1"
  resolved "https://registry.yarnpkg.com/circular-json/-/circular-json-0.3.1.tgz#be8b36aefccde8b3ca7aa2d6afc07a37242c0d2d"

clazof@^0.19.0:
  version "0.19.0"
  resolved "https://registry.yarnpkg.com/clazof/-/clazof-0.19.0.tgz#fc50ac156ec8a8f7ec60d08cde2bfbf9c98fd486"
  dependencies:
    babel-runtime "^6.23.0"
    falzy "^0.17.0"
    portel "^0.3.0"
    protype "^0.21.0"
    raze "^0.25.0"
    stringe "^0.2.0"
    wauker "^0.7.0"

cobralize@^0.12.0:
  version "0.12.0"
  resolved "https://registry.yarnpkg.com/cobralize/-/cobralize-0.12.0.tgz#056318f761f7aae9b92b8f7088fbe5ebab89749c"
  dependencies:
    babel-runtime "^6.23.0"
    disdo "^0.12.0"
    falzy "^0.17.0"
    protype "^0.21.0"

core-js@^2.4.0:
  version "2.4.1"
  resolved "https://registry.yarnpkg.com/core-js/-/core-js-2.4.1.tgz#4de911e667b0eae9124e34254b53aea6fc618d3e"

decrease@^0.20.0:
  version "0.20.0"
  resolved "https://registry.yarnpkg.com/decrease/-/decrease-0.20.0.tgz#50a4be565d3971bf20b24c764f6cfa61038af117"
  dependencies:
    arkount "^0.5.0"
    babel-runtime "^6.23.0"
    doubt "^0.24.0"
    falzy "^0.17.0"
    protype "^0.21.0"
    raze "^0.25.0"
    truly "^0.17.0"

dephall@^0.21.0:
  version "0.21.0"
  resolved "https://registry.yarnpkg.com/dephall/-/dephall-0.21.0.tgz#0628d5fba27366fe3f97cd06f4582cc88ec533f8"
  dependencies:
    arid "^0.23.0"
    babel-runtime "^6.23.0"
    doubt "^0.24.0"
    falze "^0.20.0"
    harden "^0.21.0"
    plough "^0.22.0"
    pyck "^0.20.0"
    raze "^0.25.0"
    truly "^0.17.0"
    zelf "^0.11.0"

depher@^0.23.0:
  version "0.23.0"
  resolved "https://registry.yarnpkg.com/depher/-/depher-0.23.0.tgz#c4916629cef512ac716e324b42bf72d4880576df"
  dependencies:
    babel-runtime "^6.23.0"
    dephall "^0.21.0"
    doubt "^0.24.0"
    falze "^0.20.0"
    harden "^0.21.0"
    raze "^0.25.0"
    zelf "^0.11.0"

disdo@^0.12.0:
  version "0.12.0"
  resolved "https://registry.yarnpkg.com/disdo/-/disdo-0.12.0.tgz#f8c2c44255125ad4e614139fd888465c15ed80eb"
  dependencies:
    babel-runtime "^6.23.0"
    falzy "^0.17.0"
    protype "^0.21.0"

doubt@^0.24.0:
  version "0.24.0"
  resolved "https://registry.yarnpkg.com/doubt/-/doubt-0.24.0.tgz#6bdcf6d1b6a9b16ae74d77ebba86edd023c2deeb"
  dependencies:
    babel-runtime "^6.23.0"
    cemento "^0.15.0"
    circular-json "^0.3.1"
    falzy "^0.17.0"
    harden "^0.21.0"
    khount "^0.0.0"
    protype "^0.21.0"
    stringe "^0.2.0"

een@^0.13.0:
  version "0.13.0"
  resolved "https://registry.yarnpkg.com/een/-/een-0.13.0.tgz#93b1b7db3973c2c544591e35c611923e83375347"
  dependencies:
    babel-runtime "^6.23.0"
    doubt "^0.24.0"
    kein "^0.16.0"
    protype "^0.21.0"
    stringe "^0.2.0"
    truly "^0.17.0"

empt@^0.20.0:
  version "0.20.0"
  resolved "https://registry.yarnpkg.com/empt/-/empt-0.20.0.tgz#cb943382259d232086a5fe5810be15df2a9bada5"
  dependencies:
    babel-runtime "^6.23.0"
    doubt "^0.24.0"
    kount "^0.10.0"
    protype "^0.21.0"

falze@^0.20.0:
  version "0.20.0"
  resolved "https://registry.yarnpkg.com/falze/-/falze-0.20.0.tgz#49366885d03e22b68c59175ece0f13871e878bda"
  dependencies:
    arid "^0.23.0"
    babel-runtime "^6.23.0"
    doubt "^0.24.0"
    empt "^0.20.0"
    falzy "^0.17.0"
    protype "^0.21.0"

falzy@^0.17.0:
  version "0.17.0"
  resolved "https://registry.yarnpkg.com/falzy/-/falzy-0.17.0.tgz#228535d605ae8d1a0ccd44f185d7534636a166fe"
  dependencies:
    babel-runtime "^6.23.0"
    protype "^0.21.0"

filled@^0.19.0:
  version "0.19.0"
  resolved "https://registry.yarnpkg.com/filled/-/filled-0.19.0.tgz#8666ff90b37214ddbe6bce3bda0e77a678de1bf6"
  dependencies:
    arkount "^0.5.0"
    babel-runtime "^6.23.0"
    doubt "^0.24.0"

harden@^0.21.0:
  version "0.21.0"
  resolved "https://registry.yarnpkg.com/harden/-/harden-0.21.0.tgz#c3ca5e255e440fc5e6e996acb21515bb892bff49"
  dependencies:
    babel-runtime "^6.23.0"

kein@^0.16.0:
  version "0.16.0"
  resolved "https://registry.yarnpkg.com/kein/-/kein-0.16.0.tgz#c2307990b655f395e2aba61022ef2078fa8b0cc8"
  dependencies:
    babel-runtime "^6.23.0"
    falzy "^0.17.0"
    portel "^0.3.0"
    protype "^0.21.0"
    zelf "^0.11.0"

kept@^0.15.0:
  version "0.15.0"
  resolved "https://registry.yarnpkg.com/kept/-/kept-0.15.0.tgz#f74a2726942bf35cc5d4012ade93ed9f460c8ea5"
  dependencies:
    depher "^0.23.0"
    falzy "^0.17.0"
    harden "^0.21.0"
    letgo "^0.23.0"
    protype "^0.21.0"
    raze "^0.25.0"
    zelf "^0.11.0"

khount@^0.0.0:
  version "0.0.0"
  resolved "https://registry.yarnpkg.com/khount/-/khount-0.0.0.tgz#7c7f369ae5d0ef5499dca14eeb168bb4b4b29e6d"
  dependencies:
    babel-runtime "^6.23.0"

kloak@^0.12.0:
  version "0.12.0"
  resolved "https://registry.yarnpkg.com/kloak/-/kloak-0.12.0.tgz#67d15a66eb5d5d8545bb07f660e117da94a916e0"
  dependencies:
    ate "^0.15.0"
    babel-runtime "^6.23.0"
    cobralize "^0.12.0"
    falzy "^0.17.0"
    harden "^0.21.0"
    kein "^0.16.0"
    protype "^0.21.0"
    transpher "^0.15.0"
    truly "^0.17.0"

kount@^0.10.0:
  version "0.10.0"
  resolved "https://registry.yarnpkg.com/kount/-/kount-0.10.0.tgz#92f6dc18a5c8e8844e29a93aec268b58ad92f53b"
  dependencies:
    babel-runtime "^6.23.0"

krumb@^0.2.0:
  version "0.2.0"
  resolved "https://registry.yarnpkg.com/krumb/-/krumb-0.2.0.tgz#d562ebdcfc295aaf770151d11699bd82a8ae99d0"
  dependencies:
    babel-runtime "^6.23.0"

letgo@^0.23.0:
  version "0.23.0"
  resolved "https://registry.yarnpkg.com/letgo/-/letgo-0.23.0.tgz#60452bd2b0b1ba97cb89f013d8bfe9b8f91c676a"
  dependencies:
    arid "^0.23.0"
    babel-runtime "^6.23.0"
    budge "^0.19.0"
    called "^0.18.0"
    depher "^0.23.0"
    filled "^0.19.0"
    harden "^0.21.0"
    protype "^0.21.0"
    truly "^0.17.0"
    zelf "^0.11.0"

lire@^0.8.0:
  version "0.8.0"
  resolved "https://registry.yarnpkg.com/lire/-/lire-0.8.0.tgz#5eabfacabe46f47ff0f087efb2eb134263a603c2"
  dependencies:
    falzy "^0.17.0"
    kept "^0.15.0"
    letgo "^0.23.0"
    protype "^0.21.0"
    zelf "^0.11.0"

parseon@^0.6.0:
  version "0.6.0"
  resolved "https://registry.yarnpkg.com/parseon/-/parseon-0.6.0.tgz#3ce2c22e7bdb87b8ca71a90974d4c2c4839039c2"
  dependencies:
    babel-runtime "^6.23.0"
    circular-json "^0.3.1"
    krumb "^0.2.0"
    protype "^0.21.0"

plough@^0.22.0:
  version "0.22.0"
  resolved "https://registry.yarnpkg.com/plough/-/plough-0.22.0.tgz#f4ef80c0c51e967081dcbf78c70a3770b2f2e7e1"
  dependencies:
    arid "^0.23.0"
    babel-runtime "^6.23.0"
    decrease "^0.20.0"
    doubt "^0.24.0"
    raze "^0.25.0"

portel@^0.3.0:
  version "0.3.0"
  resolved "https://registry.yarnpkg.com/portel/-/portel-0.3.0.tgz#532b5817ce5c1697fc65e34ca7eadb28c8e6152c"
  dependencies:
    babel-runtime "^6.23.0"
    protype "^0.21.0"

protease@^0.15.0:
  version "0.15.0"
  resolved "https://registry.yarnpkg.com/protease/-/protease-0.15.0.tgz#f0a2522796b4a2e11c010226df2bc52051695624"
  dependencies:
    babel-runtime "^6.23.0"
    falzy "^0.17.0"
    harden "^0.21.0"
    kein "^0.16.0"
    protype "^0.21.0"

protype@^0.21.0:
  version "0.21.0"
  resolved "https://registry.yarnpkg.com/protype/-/protype-0.21.0.tgz#958452abbaa6daaa8e79386179b220477e2dca7c"
  dependencies:
    babel-runtime "^6.23.0"
    cemento "^0.15.0"
    harden "^0.21.0"

pyck@^0.20.0:
  version "0.20.0"
  resolved "https://registry.yarnpkg.com/pyck/-/pyck-0.20.0.tgz#a41b43ca66efd807a658316d1de3c50c814d62d4"
  dependencies:
    babel-runtime "^6.23.0"
    clazof "^0.19.0"
    doubt "^0.24.0"
    falzy "^0.17.0"
    harden "^0.21.0"
    protype "^0.21.0"
    raze "^0.25.0"
    truly "^0.17.0"
    zelf "^0.11.0"

raze@^0.25.0:
  version "0.25.0"
  resolved "https://registry.yarnpkg.com/raze/-/raze-0.25.0.tgz#75752b799cae83014e98aaf03d2913ce996b12c5"
  dependencies:
    babel-runtime "^6.23.0"
    doubt "^0.24.0"
    harden "^0.21.0"

regenerator-runtime@^0.10.0:
  version "0.10.3"
  resolved "https://registry.yarnpkg.com/regenerator-runtime/-/regenerator-runtime-0.10.3.tgz#8c4367a904b51ea62a908ac310bf99ff90a82a3e"

stringe@^0.2.0:
  version "0.2.0"
  resolved "https://registry.yarnpkg.com/stringe/-/stringe-0.2.0.tgz#0e7dabe11258cdcf5d7e0ce5e4a1a9d043936a0e"
  dependencies:
    babel-runtime "^6.23.0"

transpher@^0.15.0:
  version "0.15.0"
  resolved "https://registry.yarnpkg.com/transpher/-/transpher-0.15.0.tgz#0d7fb6f00a749e6777fcb6a0c3f0ab907fcf7368"
  dependencies:
    ate "^0.15.0"
    babel-runtime "^6.23.0"
    depher "^0.23.0"
    falzy "^0.17.0"
    kein "^0.16.0"

truly@^0.17.0:
  version "0.17.0"
  resolved "https://registry.yarnpkg.com/truly/-/truly-0.17.0.tgz#3b2c6883d95285d9d3a22fd5d2588d8b266e06c9"
  dependencies:
    babel-runtime "^6.23.0"
    protype "^0.21.0"

wauker@^0.7.0:
  version "0.7.0"
  resolved "https://registry.yarnpkg.com/wauker/-/wauker-0.7.0.tgz#70cea7f4d191978b664249b21ca10bebfdfdf80b"
  dependencies:
    babel-runtime "^6.23.0"
    een "^0.13.0"
    falzy "^0.17.0"
    protease "^0.15.0"
    protype "^0.21.0"

wichevr@^0.7.0:
  version "0.7.0"
  resolved "https://registry.yarnpkg.com/wichevr/-/wichevr-0.7.0.tgz#c1d6c3b12b9decf7db9daf99c20bafb021eb4016"
  dependencies:
    babel-runtime "^6.23.0"
    raze "^0.25.0"
    truly "^0.17.0"

zelf@^0.11.0:
  version "0.11.0"
  resolved "https://registry.yarnpkg.com/zelf/-/zelf-0.11.0.tgz#ff6967b0206f8de00354dd439eb98cc4c5a4415d"
  dependencies:
    asea "^0.13.0"
    babel-runtime "^6.23.0"
